
Microsoft Visual Studio Solution File, Format Version 12.00
# Visual Studio Version 17
VisualStudioVersion = 17.10.35013.160
MinimumVisualStudioVersion = 10.0.40219.1
Project("{FAE04EC0-301F-11D3-BF4B-00C04F79EFBC}") = "QLCTAPI", "QLCTAPI\QLCTAPI.csproj", "{770BD0D6-39D9-47ED-A94D-B837C03DFCC3}"
EndProject
Global
	GlobalSection(SolutionConfigurationPlatforms) = preSolution
		Debug|Any CPU = Debug|Any CPU
		Release|Any CPU = Release|Any CPU
	EndGlobalSection
	GlobalSection(ProjectConfigurationPlatforms) = postSolution
		{770BD0D6-39D9-47ED-A94D-B837C03DFCC3}.Debug|Any CPU.ActiveCfg = Debug|Any CPU
		{770BD0D6-39D9-47ED-A94D-B837C03DFCC3}.Debug|Any CPU.Build.0 = Debug|Any CPU
		{770BD0D6-39D9-47ED-A94D-B837C03DFCC3}.Release|Any CPU.ActiveCfg = Release|Any CPU
		{770BD0D6-39D9-47ED-A94D-B837C03DFCC3}.Release|Any CPU.Build.0 = Release|Any CPU
	EndGlobalSection
	GlobalSection(SolutionProperties) = preSolution
		HideSolutionNode = FALSE
	EndGlobalSection
	GlobalSection(ExtensibilityGlobals) = postSolution
		SolutionGuid = {E526E645-BF96-45E5-A626-9ED391AE861E}
	EndGlobalSection
EndGlobal
